# This file is automatically @generated by Cargo.
# It is not intended for manual editing.
version = 4

[[package]]
name = "ln-hc01-runner"
version = "0.1.0"
dependencies = [
 "ln-observe",
]

[[package]]
name = "ln-hc02-runner"
version = "0.1.0"
dependencies = [
 "ln-inventory",
]

[[package]]
name = "ln-inventory"
version = "0.1.0"

[[package]]
name = "ln-observe"
version = "0.1.0"

[[package]]
name = "ln-status"
version = "0.1.0"
