# This file is automatically @generated by Cargo.
# It is not intended for manual editing.
version = 4

[[package]]
name = "adler2"
version = "2.0.1"
source = "registry+https://github.com/rust-lang/crates.io-index"
checksum = "320119579fcad9c21884f5c4861d16174d0e06250625266f50fe6898340abefa"

[[package]]
name = "cfg-if"
version = "1.0.4"
source = "registry+https://github.com/rust-lang/crates.io-index"
checksum = "9330f8b2ff13f34540b44e946ef35111825727b38d33286ef986142615121801"

[[package]]
name = "crc32fast"
version = "1.5.0"
source = "registry+https://github.com/rust-lang/crates.io-index"
checksum = "9481c1c90cbf2ac953f07c8d4a58aa3945c425b7185c9154d67a65e4230da511"
dependencies = [
 "cfg-if",
]

[[package]]
name = "equivalent"
version = "1.0.2"
source = "registry+https://github.com/rust-lang/crates.io-index"
checksum = "877a4ace8713b0bcf2a4e7eec82529c029f1d0619886d18145fea96c3ffe5c0f"

[[package]]
name = "flate2"
version = "1.1.9"
source = "registry+https://github.com/rust-lang/crates.io-index"
checksum = "843fba2746e448b37e26a819579957415c8cef339bf08564fe8b7ddbd959573c"
dependencies = [
 "miniz_oxide",
 "zlib-rs",
]

[[package]]
name = "hashbrown"
version = "0.17.1"
source = "registry+https://github.com/rust-lang/crates.io-index"
checksum = "ed5909b6e89a2db4456e54cd5f673791d7eca6732202bbf2a9cc504fe2f9b84a"

[[package]]
name = "indexmap"
version = "2.14.0"
source = "registry+https://github.com/rust-lang/crates.io-index"
checksum = "d466e9454f08e4a911e14806c24e16fba1b4c121d1ea474396f396069cf949d9"
dependencies = [
 "equivalent",
 "hashbrown",
]

[[package]]
name = "ln-accelerate"
version = "0.1.0"

[[package]]
name = "ln-admission"
version = "0.1.0"

[[package]]
name = "ln-citation"
version = "0.1.0"

[[package]]
name = "ln-closure"
version = "0.1.0"

[[package]]
name = "ln-conformance"
version = "0.1.0"

[[package]]
name = "ln-decode"
version = "0.1.0"
dependencies = [
 "quick-xml",
 "zip",
]

[[package]]
name = "ln-diagnostic"
version = "0.1.0"

[[package]]
name = "ln-dispose"
version = "0.1.0"

[[package]]
name = "ln-gate"
version = "0.1.0"

[[package]]
name = "ln-hc01-runner"
version = "0.1.0"
dependencies = [
 "ln-observe",
]

[[package]]
name = "ln-hc02-runner"
version = "0.1.0"
dependencies = [
 "ln-inventory",
]

[[package]]
name = "ln-hc03-runner"
version = "0.1.0"
dependencies = [
 "ln-dispose",
]

[[package]]
name = "ln-hc04-runner"
version = "0.1.0"
dependencies = [
 "ln-promote",
]

[[package]]
name = "ln-hc05-runner"
version = "0.1.0"
dependencies = [
 "ln-decode",
]

[[package]]
name = "ln-hc06-runner"
version = "0.1.0"
dependencies = [
 "ln-gate",
]

[[package]]
name = "ln-hc07-runner"
version = "0.1.0"
dependencies = [
 "ln-identity",
]

[[package]]
name = "ln-hc08-runner"
version = "0.1.0"
dependencies = [
 "ln-relation",
]

[[package]]
name = "ln-hc09-runner"
version = "0.1.0"
dependencies = [
 "ln-temporal",
]

[[package]]
name = "ln-hc10-runner"
version = "0.1.0"
dependencies = [
 "ln-work",
]

[[package]]
name = "ln-hc11-runner"
version = "0.1.0"
dependencies = [
 "ln-closure",
]

[[package]]
name = "ln-hc12-runner"
version = "0.1.0"
dependencies = [
 "ln-projection",
]

[[package]]
name = "ln-hc13-runner"
version = "0.1.0"
dependencies = [
 "ln-admission",
]

[[package]]
name = "ln-hc14-runner"
version = "0.1.0"
dependencies = [
 "ln-replay",
]

[[package]]
name = "ln-hc15-runner"
version = "0.1.0"
dependencies = [
 "ln-publish",
]

[[package]]
name = "ln-hc16-runner"
version = "0.1.0"
dependencies = [
 "ln-accelerate",
]

[[package]]
name = "ln-hc17-runner"
version = "0.1.0"
dependencies = [
 "ln-query",
]

[[package]]
name = "ln-hc18-runner"
version = "0.1.0"
dependencies = [
 "ln-citation",
]

[[package]]
name = "ln-hc19-runner"
version = "0.1.0"
dependencies = [
 "ln-diagnostic",
]

[[package]]
name = "ln-hc20-runner"
version = "0.1.0"
dependencies = [
 "ln-conformance",
]

[[package]]
name = "ln-identity"
version = "0.1.0"

[[package]]
name = "ln-inventory"
version = "0.1.0"

[[package]]
name = "ln-observe"
version = "0.1.0"

[[package]]
name = "ln-projection"
version = "0.1.0"

[[package]]
name = "ln-promote"
version = "0.1.0"

[[package]]
name = "ln-publish"
version = "0.1.0"

[[package]]
name = "ln-query"
version = "0.1.0"
dependencies = [
 "ln-storage",
]

[[package]]
name = "ln-relation"
version = "0.1.0"

[[package]]
name = "ln-replay"
version = "0.1.0"

[[package]]
name = "ln-status"
version = "0.1.0"

[[package]]
name = "ln-storage"
version = "0.1.0"

[[package]]
name = "ln-temporal"
version = "0.1.0"

[[package]]
name = "ln-work"
version = "0.1.0"

[[package]]
name = "memchr"
version = "2.8.3"
source = "registry+https://github.com/rust-lang/crates.io-index"
checksum = "cf8baf1c55e62ffcace7a9f06f4bd9cd3f0c4beb022d3b367256b91b87513d98"

[[package]]
name = "miniz_oxide"
version = "0.8.9"
source = "registry+https://github.com/rust-lang/crates.io-index"
checksum = "1fa76a2c86f704bdb222d66965fb3d63269ce38518b83cb0575fca855ebb6316"
dependencies = [
 "adler2",
 "simd-adler32",
]

[[package]]
name = "quick-xml"
version = "0.36.2"
source = "registry+https://github.com/rust-lang/crates.io-index"
checksum = "f7649a7b4df05aed9ea7ec6f628c67c9953a43869b8bc50929569b2999d443fe"
dependencies = [
 "memchr",
]

[[package]]
name = "simd-adler32"
version = "0.3.10"
source = "registry+https://github.com/rust-lang/crates.io-index"
checksum = "3a219298ac11a56ea9a6d2120044824d6f01aeb034955e7af7bc16858527deea"

[[package]]
name = "typed-path"
version = "0.12.3"
source = "registry+https://github.com/rust-lang/crates.io-index"
checksum = "8e28f89b80c87b8fb0cf04ab448d5dd0dd0ade2f8891bae878de66a75a28600e"

[[package]]
name = "zip"
version = "8.6.0"
source = "registry+https://github.com/rust-lang/crates.io-index"
checksum = "2d04a6b5381502aa6087c94c669499eb1602eb9c5e8198e534de571f7154809b"
dependencies = [
 "crc32fast",
 "flate2",
 "indexmap",
 "memchr",
 "typed-path",
]

[[package]]
name = "zlib-rs"
version = "0.6.6"
source = "registry+https://github.com/rust-lang/crates.io-index"
checksum = "b142a20ec14a91d5bc708c1dc21b080c550113d8aa77afa29635673a65dd02c5"
